
Microsoft Visual Studio Solution File, Format Version 12.00
# Visual Studio Version 17
VisualStudioVersion = 17.9.34622.214
MinimumVisualStudioVersion = 10.0.40219.1
Project("{FAE04EC0-301F-11D3-BF4B-00C04F79EFBC}") = "Web", "Web\Web.csproj", "{C0633368-0C22-42E1-B260-1D51AA3FB174}"
EndProject
Project("{FAE04EC0-301F-11D3-BF4B-00C04F79EFBC}") = "API", "API\API.csproj", "{BBF8C66E-2183-4A2D-9C54-FE477C6D04D1}"
EndProject
Global
	GlobalSection(SolutionConfigurationPlatforms) = preSolution
		Debug|Any CPU = Debug|Any CPU
		Release|Any CPU = Release|Any CPU
	EndGlobalSection
	GlobalSection(ProjectConfigurationPlatforms) = postSolution
		{C0633368-0C22-42E1-B260-1D51AA3FB174}.Debug|Any CPU.ActiveCfg = Debug|Any CPU
		{C0633368-0C22-42E1-B260-1D51AA3FB174}.Debug|Any CPU.Build.0 = Debug|Any CPU
		{C0633368-0C22-42E1-B260-1D51AA3FB174}.Release|Any CPU.ActiveCfg = Release|Any CPU
		{C0633368-0C22-42E1-B260-1D51AA3FB174}.Release|Any CPU.Build.0 = Release|Any CPU
		{BBF8C66E-2183-4A2D-9C54-FE477C6D04D1}.Debug|Any CPU.ActiveCfg = Debug|Any CPU
		{BBF8C66E-2183-4A2D-9C54-FE477C6D04D1}.Debug|Any CPU.Build.0 = Debug|Any CPU
		{BBF8C66E-2183-4A2D-9C54-FE477C6D04D1}.Release|Any CPU.ActiveCfg = Release|Any CPU
		{BBF8C66E-2183-4A2D-9C54-FE477C6D04D1}.Release|Any CPU.Build.0 = Release|Any CPU
	EndGlobalSection
	GlobalSection(SolutionProperties) = preSolution
		HideSolutionNode = FALSE
	EndGlobalSection
	GlobalSection(ExtensibilityGlobals) = postSolution
		SolutionGuid = {9D9DE5CD-7735-45B3-AA96-D4469E792E08}
	EndGlobalSection
EndGlobal
